Microsoft Visual Studio Solution File, Format Version 12.00
# Visual Studio 2012
Project("{F184B08F-C81C-45F6-A57F-5ABD9991F28F}") = "WinWebSolution.Module", "WinWebSolution.Module\WinWebSolution.Module.vbproj", "{DE5A7B2D-5DAA-41F3-B2F0-935DB14B471D}"
EndProject
Project("{F184B08F-C81C-45F6-A57F-5ABD9991F28F}") = "WinWebSolution.Module.Web", "WinWebSolution.Module.Web\WinWebSolution.Module.Web.vbproj", "{5A78F855-60CA-4B2E-AEAF-D6CC40EFC76C}"
EndProject
Project("{F184B08F-C81C-45F6-A57F-5ABD9991F28F}") = "WinWebSolution.Web", "WinWebSolution.Web\WinWebSolution.Web.vbproj", "{B0D39B31-58D3-4D40-ACAB-990CF8F72D7B}"
EndProject
Project("{F184B08F-C81C-45F6-A57F-5ABD9991F28F}") = "WinWebSolution.Module.Win", "WinWebSolution.Module.Win\WinWebSolution.Module.Win.vbproj", "{5B5E8A01-2BA2-4612-84BB-1714EC8CAADC}"
EndProject
Project("{F184B08F-C81C-45F6-A57F-5ABD9991F28F}") = "WinWebSolution.Win", "WinWebSolution.Win\WinWebSolution.Win.vbproj", "{9FD93057-B72F-4B71-972D-C82F1E3E6E9A}"
EndProject
Global
	GlobalSection(SolutionConfigurationPlatforms) = preSolution
		Debug|Any CPU = Debug|Any CPU
		EasyTest|Any CPU = EasyTest|Any CPU
		Release|Any CPU = Release|Any CPU
	EndGlobalSection
	GlobalSection(ProjectConfigurationPlatforms) = postSolution
		{DE5A7B2D-5DAA-41F3-B2F0-935DB14B471D}.Debug|Any CPU.ActiveCfg = Debug|Any CPU
		{DE5A7B2D-5DAA-41F3-B2F0-935DB14B471D}.Debug|Any CPU.Build.0 = Debug|Any CPU
		{DE5A7B2D-5DAA-41F3-B2F0-935DB14B471D}.EasyTest|Any CPU.ActiveCfg = EasyTest|Any CPU
		{DE5A7B2D-5DAA-41F3-B2F0-935DB14B471D}.EasyTest|Any CPU.Build.0 = EasyTest|Any CPU
		{DE5A7B2D-5DAA-41F3-B2F0-935DB14B471D}.Release|Any CPU.ActiveCfg = Release|Any CPU
		{DE5A7B2D-5DAA-41F3-B2F0-935DB14B471D}.Release|Any CPU.Build.0 = Release|Any CPU
		{5A78F855-60CA-4B2E-AEAF-D6CC40EFC76C}.Debug|Any CPU.ActiveCfg = Debug|Any CPU
		{5A78F855-60CA-4B2E-AEAF-D6CC40EFC76C}.Debug|Any CPU.Build.0 = Debug|Any CPU
		{5A78F855-60CA-4B2E-AEAF-D6CC40EFC76C}.EasyTest|Any CPU.ActiveCfg = EasyTest|Any CPU
		{5A78F855-60CA-4B2E-AEAF-D6CC40EFC76C}.EasyTest|Any CPU.Build.0 = EasyTest|Any CPU
		{5A78F855-60CA-4B2E-AEAF-D6CC40EFC76C}.Release|Any CPU.ActiveCfg = Release|Any CPU
		{5A78F855-60CA-4B2E-AEAF-D6CC40EFC76C}.Release|Any CPU.Build.0 = Release|Any CPU
		{B0D39B31-58D3-4D40-ACAB-990CF8F72D7B}.Debug|Any CPU.ActiveCfg = Debug|Any CPU
		{B0D39B31-58D3-4D40-ACAB-990CF8F72D7B}.Debug|Any CPU.Build.0 = Debug|Any CPU
		{B0D39B31-58D3-4D40-ACAB-990CF8F72D7B}.EasyTest|Any CPU.ActiveCfg = Release|Any CPU
		{B0D39B31-58D3-4D40-ACAB-990CF8F72D7B}.EasyTest|Any CPU.Build.0 = Release|Any CPU
		{B0D39B31-58D3-4D40-ACAB-990CF8F72D7B}.Release|Any CPU.ActiveCfg = Release|Any CPU
		{B0D39B31-58D3-4D40-ACAB-990CF8F72D7B}.Release|Any CPU.Build.0 = Release|Any CPU
		{5B5E8A01-2BA2-4612-84BB-1714EC8CAADC}.Debug|Any CPU.ActiveCfg = Debug|Any CPU
		{5B5E8A01-2BA2-4612-84BB-1714EC8CAADC}.Debug|Any CPU.Build.0 = Debug|Any CPU
		{5B5E8A01-2BA2-4612-84BB-1714EC8CAADC}.EasyTest|Any CPU.ActiveCfg = EasyTest|Any CPU
		{5B5E8A01-2BA2-4612-84BB-1714EC8CAADC}.EasyTest|Any CPU.Build.0 = EasyTest|Any CPU
		{5B5E8A01-2BA2-4612-84BB-1714EC8CAADC}.Release|Any CPU.ActiveCfg = Release|Any CPU
		{5B5E8A01-2BA2-4612-84BB-1714EC8CAADC}.Release|Any CPU.Build.0 = Release|Any CPU
		{9FD93057-B72F-4B71-972D-C82F1E3E6E9A}.Debug|Any CPU.ActiveCfg = Debug|Any CPU
		{9FD93057-B72F-4B71-972D-C82F1E3E6E9A}.Debug|Any CPU.Build.0 = Debug|Any CPU
		{9FD93057-B72F-4B71-972D-C82F1E3E6E9A}.EasyTest|Any CPU.ActiveCfg = EasyTest|Any CPU
		{9FD93057-B72F-4B71-972D-C82F1E3E6E9A}.EasyTest|Any CPU.Build.0 = EasyTest|Any CPU
		{9FD93057-B72F-4B71-972D-C82F1E3E6E9A}.Release|Any CPU.ActiveCfg = Release|Any CPU
		{9FD93057-B72F-4B71-972D-C82F1E3E6E9A}.Release|Any CPU.Build.0 = Release|Any CPU
	EndGlobalSection
	GlobalSection(SolutionProperties) = preSolution
		HideSolutionNode = FALSE
	EndGlobalSection
EndGlobal
